// !$*UTF8*$!
{
	archiveVersion = 1;
	classes = {
	};
	objectVersion = 50;
	objects = {

/* Begin PBXBuildFile section */
		B001DC8120BC0C0500A9A7F6 /* AppDelegate.m in Sources */ = {isa = PBXBuildFile; fileRef = B001DC8020BC0C0500A9A7F6 /* AppDelegate.m */; };
		B001DC8420BC0C0500A9A7F6 /* ViewController.m in Sources */ = {isa = PBXBuildFile; fileRef = B001DC8320BC0C0500A9A7F6 /* ViewController.m */; };
		B001DC8720BC0C0500A9A7F6 /* Main.storyboard in Resources */ = {isa = PBXBuildFile; fileRef = B001DC8520BC0C0500A9A7F6 /* Main.storyboard */; };
		B001DC8920BC0C0600A9A7F6 /* Assets.xcassets in Resources */ = {isa = PBXBuildFile; fileRef = B001DC8820BC0C0600A9A7F6 /* Assets.xcassets */; };
		B001DC8C20BC0C0600A9A7F6 /* LaunchScreen.storyboard in Resources */ = {isa = PBXBuildFile; fileRef = B001DC8A20BC0C0600A9A7F6 /* LaunchScreen.storyboard */; };
		B001DC8F20BC0C0600A9A7F6 /* main.m in Sources */ = {isa = PBXBuildFile; fileRef = B001DC8E20BC0C0600A9A7F6 /* main.m */; };
		B001DC9820BC0C2C00A9A7F6 /* EHBannerView.m in Sources */ = {isa = PBXBuildFile; fileRef = B001DC9720BC0C2C00A9A7F6 /* EHBannerView.m */; };
		B001DCAD20BC105400A9A7F6 /* YCPlaceholder.png in Resources */ = {isa = PBXBuildFile; fileRef = B001DCA920BC105400A9A7F6 /* YCPlaceholder.png */; };
		B001DCB220BC183200A9A7F6 /* 1.jpg in Resources */ = {isa = PBXBuildFile; fileRef = B001DCAF20BC183200A9A7F6 /* 1.jpg */; };
		B001DCB320BC183200A9A7F6 /* placeholderImage.jpg in Resources */ = {isa = PBXBuildFile; fileRef = B001DCB020BC183200A9A7F6 /* placeholderImage.jpg */; };
		B001DCB420BC183200A9A7F6 /* 2.gif in Resources */ = {isa = PBXBuildFile; fileRef = B001DCB120BC183200A9A7F6 /* 2.gif */; };
		B05787C320BD1B9D000225E0 /* EHBannerView.podspec in Resources */ = {isa = PBXBuildFile; fileRef = B05787C220BD1B9C000225E0 /* EHBannerView.podspec */; };
/* End PBXBuildFile section */

/* Begin PBXFileReference section */
		B001DC7C20BC0C0500A9A7F6 /* EHBannerViewDemo.app */ = {isa = PBXFileReference; explicitFileType = wrapper.application; includeInIndex = 0; path = EHBannerViewDemo.app; sourceTree = BUILT_PRODUCTS_DIR; };
		B001DC7F20BC0C0500A9A7F6 /* AppDelegate.h */ = {isa = PBXFileReference; lastKnownFileType = sourcecode.c.h; path = AppDelegate.h; sourceTree = "<group>"; };
		B001DC8020BC0C0500A9A7F6 /* AppDelegate.m */ = {isa = PBXFileReference; lastKnownFileType = sourcecode.c.objc; path = AppDelegate.m; sourceTree = "<group>"; };
		B001DC8220BC0C0500A9A7F6 /* ViewController.h */ = {isa = PBXFileReference; lastKnownFileType = sourcecode.c.h; path = ViewController.h; sourceTree = "<group>"; };
		B001DC8320BC0C0500A9A7F6 /* ViewController.m */ = {isa = PBXFileReference; lastKnownFileType = sourcecode.c.objc; path = ViewController.m; sourceTree = "<group>"; };
		B001DC8620BC0C0500A9A7F6 /* Base */ = {isa = PBXFileReference; lastKnownFileType = file.storyboard; name = Base; path = Base.lproj/Main.storyboard; sourceTree = "<group>"; };
		B001DC8820BC0C0600A9A7F6 /* Assets.xcassets */ = {isa = PBXFileReference; lastKnownFileType = folder.assetcatalog; path = Assets.xcassets; sourceTree = "<group>"; };
		B001DC8B20BC0C0600A9A7F6 /* Base */ = {isa = PBXFileReference; lastKnownFileType = file.storyboard; name = Base; path = Base.lproj/LaunchScreen.storyboard; sourceTree = "<group>"; };
		B001DC8D20BC0C0600A9A7F6 /* Info.plist */ = {isa = PBXFileReference; lastKnownFileType = text.plist.xml; path = Info.plist; sourceTree = "<group>"; };
		B001DC8E20BC0C0600A9A7F6 /* main.m */ = {isa = PBXFileReference; lastKnownFileType = sourcecode.c.objc; path = main.m; sourceTree = "<group>"; };
		B001DC9620BC0C2C00A9A7F6 /* EHBannerView.h */ = {isa = PBXFileReference; lastKnownFileType = sourcecode.c.h; path = EHBannerView.h; sourceTree = "<group>"; };
		B001DC9720BC0C2C00A9A7F6 /* EHBannerView.m */ = {isa = PBXFileReference; lastKnownFileType = sourcecode.c.objc; path = EHBannerView.m; sourceTree = "<group>"; };
		B001DCA920BC105400A9A7F6 /* YCPlaceholder.png */ = {isa = PBXFileReference; lastKnownFileType = image.png; path = YCPlaceholder.png; sourceTree = "<group>"; };
		B001DCAF20BC183200A9A7F6 /* 1.jpg */ = {isa = PBXFileReference; lastKnownFileType = image.jpeg; path = 1.jpg; sourceTree = "<group>"; };
		B001DCB020BC183200A9A7F6 /* placeholderImage.jpg */ = {isa = PBXFileReference; lastKnownFileType = image.jpeg; path = placeholderImage.jpg; sourceTree = "<group>"; };
		B001DCB120BC183200A9A7F6 /* 2.gif */ = {isa = PBXFileReference; lastKnownFileType = image.gif; path = 2.gif; sourceTree = "<group>"; };
		B05787C220BD1B9C000225E0 /* EHBannerView.podspec */ = {isa = PBXFileReference; fileEncoding = 4; lastKnownFileType = text; path = EHBannerView.podspec; sourceTree = "<group>"; };
/* End PBXFileReference section */

/* Begin PBXFrameworksBuildPhase section */
		B001DC7920BC0C0500A9A7F6 /* Frameworks */ = {
			isa = PBXFrameworksBuildPhase;
			buildActionMask = 2147483647;
			files = (
			);
			runOnlyForDeploymentPostprocessing = 0;
		};
/* End PBXFrameworksBuildPhase section */

/* Begin PBXGroup section */
		B001DC7320BC0C0500A9A7F6 = {
			isa = PBXGroup;
			children = (
				B05787C220BD1B9C000225E0 /* EHBannerView.podspec */,
				B001DC9520BC0C1F00A9A7F6 /* EHBannerView */,
				B001DC7E20BC0C0500A9A7F6 /* EHBannerViewDemo */,
				B001DC7D20BC0C0500A9A7F6 /* Products */,
			);
			sourceTree = "<group>";
		};
		B001DC7D20BC0C0500A9A7F6 /* Products */ = {
			isa = PBXGroup;
			children = (
				B001DC7C20BC0C0500A9A7F6 /* EHBannerViewDemo.app */,
			);
			name = Products;
			sourceTree = "<group>";
		};
		B001DC7E20BC0C0500A9A7F6 /* EHBannerViewDemo */ = {
			isa = PBXGroup;
			children = (
				B001DC7F20BC0C0500A9A7F6 /* AppDelegate.h */,
				B001DC8020BC0C0500A9A7F6 /* AppDelegate.m */,
				B001DC8220BC0C0500A9A7F6 /* ViewController.h */,
				B001DC8320BC0C0500A9A7F6 /* ViewController.m */,
				B001DCB020BC183200A9A7F6 /* placeholderImage.jpg */,
				B001DCAF20BC183200A9A7F6 /* 1.jpg */,
				B001DCB120BC183200A9A7F6 /* 2.gif */,
				B001DC8520BC0C0500A9A7F6 /* Main.storyboard */,
				B001DC8820BC0C0600A9A7F6 /* Assets.xcassets */,
				B001DC8A20BC0C0600A9A7F6 /* LaunchScreen.storyboard */,
				B001DC8D20BC0C0600A9A7F6 /* Info.plist */,
				B001DC8E20BC0C0600A9A7F6 /* main.m */,
			);
			path = EHBannerViewDemo;
			sourceTree = "<group>";
		};
		B001DC9520BC0C1F00A9A7F6 /* EHBannerView */ = {
			isa = PBXGroup;
			children = (
				B001DC9620BC0C2C00A9A7F6 /* EHBannerView.h */,
				B001DC9720BC0C2C00A9A7F6 /* EHBannerView.m */,
				B001DCA920BC105400A9A7F6 /* YCPlaceholder.png */,
			);
			path = EHBannerView;
			sourceTree = "<group>";
		};
/* End PBXGroup section */

/* Begin PBXNativeTarget section */
		B001DC7B20BC0C0500A9A7F6 /* EHBannerViewDemo */ = {
			isa = PBXNativeTarget;
			buildConfigurationList = B001DC9220BC0C0600A9A7F6 /* Build configuration list for PBXNativeTarget "EHBannerViewDemo" */;
			buildPhases = (
				B001DC7820BC0C0500A9A7F6 /* Sources */,
				B001DC7920BC0C0500A9A7F6 /* Frameworks */,
				B001DC7A20BC0C0500A9A7F6 /* Resources */,
			);
			buildRules = (
			);
			dependencies = (
			);
			name = EHBannerViewDemo;
			productName = YCBannerViewDemo;
			productReference = B001DC7C20BC0C0500A9A7F6 /* EHBannerViewDemo.app */;
			productType = "com.apple.product-type.application";
		};
/* End PBXNativeTarget section */

/* Begin PBXProject section */
		B001DC7420BC0C0500A9A7F6 /* Project object */ = {
			isa = PBXProject;
			attributes = {
				LastUpgradeCheck = 0930;
				ORGANIZATIONNAME = "KMF-Engineering";
				TargetAttributes = {
					B001DC7B20BC0C0500A9A7F6 = {
						CreatedOnToolsVersion = 9.3;
					};
				};
			};
			buildConfigurationList = B001DC7720BC0C0500A9A7F6 /* Build configuration list for PBXProject "EHBannerViewDemo" */;
			compatibilityVersion = "Xcode 9.3";
			developmentRegion = en;
			hasScannedForEncodings = 0;
			knownRegions = (
				en,
				Base,
			);
			mainGroup = B001DC7320BC0C0500A9A7F6;
			productRefGroup = B001DC7D20BC0C0500A9A7F6 /* Products */;
			projectDirPath = "";
			projectRoot = "";
			targets = (
				B001DC7B20BC0C0500A9A7F6 /* EHBannerViewDemo */,
			);
		};
/* End PBXProject section */

/* Begin PBXResourcesBuildPhase section */
		B001DC7A20BC0C0500A9A7F6 /* Resources */ = {
			isa = PBXResourcesBuildPhase;
			buildActionMask = 2147483647;
			files = (
				B001DCB420BC183200A9A7F6 /* 2.gif in Resources */,
				B001DC8C20BC0C0600A9A7F6 /* LaunchScreen.storyboard in Resources */,
				B001DC8920BC0C0600A9A7F6 /* Assets.xcassets in Resources */,
				B001DC8720BC0C0500A9A7F6 /* Main.storyboard in Resources */,
				B001DCAD20BC105400A9A7F6 /* YCPlaceholder.png in Resources */,
				B001DCB220BC183200A9A7F6 /* 1.jpg in Resources */,
				B05787C320BD1B9D000225E0 /* EHBannerView.podspec in Resources */,
				B001DCB320BC183200A9A7F6 /* placeholderImage.jpg in Resources */,
			);
			runOnlyForDeploymentPostprocessing = 0;
		};
/* End PBXResourcesBuildPhase section */

/* Begin PBXSourcesBuildPhase section */
		B001DC7820BC0C0500A9A7F6 /* Sources */ = {
			isa = PBXSourcesBuildPhase;
			buildActionMask = 2147483647;
			files = (
				B001DC8420BC0C0500A9A7F6 /* ViewController.m in Sources */,
				B001DC8F20BC0C0600A9A7F6 /* main.m in Sources */,
				B001DC9820BC0C2C00A9A7F6 /* EHBannerView.m in Sources */,
				B001DC8120BC0C0500A9A7F6 /* AppDelegate.m in Sources */,
			);
			runOnlyForDeploymentPostprocessing = 0;
		};
/* End PBXSourcesBuildPhase section */

/* Begin PBXVariantGroup section */
		B001DC8520BC0C0500A9A7F6 /* Main.storyboard */ = {
			isa = PBXVariantGroup;
			children = (
				B001DC8620BC0C0500A9A7F6 /* Base */,
			);
			name = Main.storyboard;
			sourceTree = "<group>";
		};
		B001DC8A20BC0C0600A9A7F6 /* LaunchScreen.storyboard */ = {
			isa = PBXVariantGroup;
			children = (
				B001DC8B20BC0C0600A9A7F6 /* Base */,
			);
			name = LaunchScreen.storyboard;
			sourceTree = "<group>";
		};
/* End PBXVariantGroup section */

/* Begin XCBuildConfiguration section */
		B001DC9020BC0C0600A9A7F6 /* Debug */ = {
			isa = XCBuildConfiguration;
			buildSettings = {
				ALWAYS_SEARCH_USER_PATHS = NO;
				CLANG_ANALYZER_NONNULL = YES;
				CLANG_ANALYZER_NUMBER_OBJECT_CONVERSION = YES_AGGRESSIVE;
				CLANG_CXX_LANGUAGE_STANDARD = "gnu++14";
				CLANG_CXX_LIBRARY = "libc++";
				CLANG_ENABLE_MODULES = YES;
				CLANG_ENABLE_OBJC_ARC = YES;
				CLANG_ENABLE_OBJC_WEAK = YES;
				CLANG_WARN_BLOCK_CAPTURE_AUTORELEASING = YES;
				CLANG_WARN_BOOL_CONVERSION = YES;
				CLANG_WARN_COMMA = YES;
				CLANG_WARN_CONSTANT_CONVERSION = YES;
				CLANG_WARN_DEPRECATED_OBJC_IMPLEMENTATIONS = YES;
				CLANG_WARN_DIRECT_OBJC_ISA_USAGE = YES_ERROR;
				CLANG_WARN_DOCUMENTATION_COMMENTS = YES;
				CLANG_WARN_EMPTY_BODY = YES;
				CLANG_WARN_ENUM_CONVERSION = YES;
				CLANG_WARN_INFINITE_RECURSION = YES;
				CLANG_WARN_INT_CONVERSION = YES;
				CLANG_WARN_NON_LITERAL_NULL_CONVERSION = YES;
				CLANG_WARN_OBJC_IMPLICIT_RETAIN_SELF = YES;
				CLANG_WARN_OBJC_LITERAL_CONVERSION = YES;
				CLANG_WARN_OBJC_ROOT_CLASS = YES_ERROR;
				CLANG_WARN_RANGE_LOOP_ANALYSIS = YES;
				CLANG_WARN_STRICT_PROTOTYPES = YES;
				CLANG_WARN_SUSPICIOUS_MOVE = YES;
				CLANG_WARN_UNGUARDED_AVAILABILITY = YES_AGGRESSIVE;
				CLANG_WARN_UNREACHABLE_CODE = YES;
				CLANG_WARN__DUPLICATE_METHOD_MATCH = YES;
				CODE_SIGN_IDENTITY = "iPhone Developer";
				COPY_PHASE_STRIP = NO;
				DEBUG_INFORMATION_FORMAT = dwarf;
				ENABLE_STRICT_OBJC_MSGSEND = YES;
				ENABLE_TESTABILITY = YES;
				GCC_C_LANGUAGE_STANDARD = gnu11;
				GCC_DYNAMIC_NO_PIC = NO;
				GCC_NO_COMMON_BLOCKS = YES;
				GCC_OPTIMIZATION_LEVEL = 0;
				GCC_PREPROCESSOR_DEFINITIONS = (
					"DEBUG=1",
					"$(inherited)",
				);
				GCC_WARN_64_TO_32_BIT_CONVERSION = YES;
				GCC_WARN_ABOUT_RETURN_TYPE = YES_ERROR;
				GCC_WARN_UNDECLARED_SELECTOR = YES;
				GCC_WARN_UNINITIALIZED_AUTOS = YES_AGGRESSIVE;
				GCC_WARN_UNUSED_FUNCTION = YES;
				GCC_WARN_UNUSED_VARIABLE = YES;
				IPHONEOS_DEPLOYMENT_TARGET = 11.3;
				MTL_ENABLE_DEBUG_INFO = YES;
				ONLY_ACTIVE_ARCH = YES;
				SDKROOT = iphoneos;
			};
			name = Debug;
		};
		B001DC9120BC0C0600A9A7F6 /* Release */ = {
			isa = XCBuildConfiguration;
			buildSettings = {
				ALWAYS_SEARCH_USER_PATHS = NO;
				CLANG_ANALYZER_NONNULL = YES;
				CLANG_ANALYZER_NUMBER_OBJECT_CONVERSION = YES_AGGRESSIVE;
				CLANG_CXX_LANGUAGE_STANDARD = "gnu++14";
				CLANG_CXX_LIBRARY = "libc++";
				CLANG_ENABLE_MODULES = YES;
				CLANG_ENABLE_OBJC_ARC = YES;
				CLANG_ENABLE_OBJC_WEAK = YES;
				CLANG_WARN_BLOCK_CAPTURE_AUTORELEASING = YES;
				CLANG_WARN_BOOL_CONVERSION = YES;
				CLANG_WARN_COMMA = YES;
				CLANG_WARN_CONSTANT_CONVERSION = YES;
				CLANG_WARN_DEPRECATED_OBJC_IMPLEMENTATIONS = YES;
				CLANG_WARN_DIRECT_OBJC_ISA_USAGE = YES_ERROR;
				CLANG_WARN_DOCUMENTATION_COMMENTS = YES;
				CLANG_WARN_EMPTY_BODY = YES;
				CLANG_WARN_ENUM_CONVERSION = YES;
				CLANG_WARN_INFINITE_RECURSION = YES;
				CLANG_WARN_INT_CONVERSION = YES;
				CLANG_WARN_NON_LITERAL_NULL_CONVERSION = YES;
				CLANG_WARN_OBJC_IMPLICIT_RETAIN_SELF = YES;
				CLANG_WARN_OBJC_LITERAL_CONVERSION = YES;
				CLANG_WARN_OBJC_ROOT_CLASS = YES_ERROR;
				CLANG_WARN_RANGE_LOOP_ANALYSIS = YES;
				CLANG_WARN_STRICT_PROTOTYPES = YES;
				CLANG_WARN_SUSPICIOUS_MOVE = YES;
				CLANG_WARN_UNGUARDED_AVAILABILITY = YES_AGGRESSIVE;
				CLANG_WARN_UNREACHABLE_CODE = YES;
				CLANG_WARN__DUPLICATE_METHOD_MATCH = YES;
				CODE_SIGN_IDENTITY = "iPhone Developer";
				COPY_PHASE_STRIP = NO;
				DEBUG_INFORMATION_FORMAT = "dwarf-with-dsym";
				ENABLE_NS_ASSERTIONS = NO;
				ENABLE_STRICT_OBJC_MSGSEND = YES;
				GCC_C_LANGUAGE_STANDARD = gnu11;
				GCC_NO_COMMON_BLOCKS = YES;
				GCC_WARN_64_TO_32_BIT_CONVERSION = YES;
				GCC_WARN_ABOUT_RETURN_TYPE = YES_ERROR;
				GCC_WARN_UNDECLARED_SELECTOR = YES;
				GCC_WARN_UNINITIALIZED_AUTOS = YES_AGGRESSIVE;
				GCC_WARN_UNUSED_FUNCTION = YES;
				GCC_WARN_UNUSED_VARIABLE = YES;
				IPHONEOS_DEPLOYMENT_TARGET = 11.3;
				MTL_ENABLE_DEBUG_INFO = NO;
				SDKROOT = iphoneos;
				VALIDATE_PRODUCT = YES;
			};
			name = Release;
		};
		B001DC9320BC0C0600A9A7F6 /* Debug */ = {
			isa = XCBuildConfiguration;
			buildSettings = {
				ASSETCATALOG_COMPILER_APPICON_NAME = AppIcon;
				CODE_SIGN_STYLE = Automatic;
				DEVELOPMENT_TEAM = ZT38DY35DB;
				INFOPLIST_FILE = "$(SRCROOT)/EHBannerViewDemo/Info.plist";
				IPHONEOS_DEPLOYMENT_TARGET = 9.0;
				LD_RUNPATH_SEARCH_PATHS = (
					"$(inherited)",
					"@executable_path/Frameworks",
				);
				PRODUCT_BUNDLE_IDENTIFIER = com.enhance.YCBannerViewDemo;
				PRODUCT_NAME = "$(TARGET_NAME)";
				TARGETED_DEVICE_FAMILY = "1,2";
			};
			name = Debug;
		};
		B001DC9420BC0C0600A9A7F6 /* Release */ = {
			isa = XCBuildConfiguration;
			buildSettings = {
				ASSETCATALOG_COMPILER_APPICON_NAME = AppIcon;
				CODE_SIGN_STYLE = Automatic;
				DEVELOPMENT_TEAM = ZT38DY35DB;
				INFOPLIST_FILE = "$(SRCROOT)/EHBannerViewDemo/Info.plist";
				IPHONEOS_DEPLOYMENT_TARGET = 9.0;
				LD_RUNPATH_SEARCH_PATHS = (
					"$(inherited)",
					"@executable_path/Frameworks",
				);
				PRODUCT_BUNDLE_IDENTIFIER = com.enhance.YCBannerViewDemo;
				PRODUCT_NAME = "$(TARGET_NAME)";
				TARGETED_DEVICE_FAMILY = "1,2";
			};
			name = Release;
		};
/* End XCBuildConfiguration section */

/* Begin XCConfigurationList section */
		B001DC7720BC0C0500A9A7F6 /* Build configuration list for PBXProject "EHBannerViewDemo" */ = {
			isa = XCConfigurationList;
			buildConfigurations = (
				B001DC9020BC0C0600A9A7F6 /* Debug */,
				B001DC9120BC0C0600A9A7F6 /* Release */,
			);
			defaultConfigurationIsVisible = 0;
			defaultConfigurationName = Release;
		};
		B001DC9220BC0C0600A9A7F6 /* Build configuration list for PBXNativeTarget "EHBannerViewDemo" */ = {
			isa = XCConfigurationList;
			buildConfigurations = (
				B001DC9320BC0C0600A9A7F6 /* Debug */,
				B001DC9420BC0C0600A9A7F6 /* Release */,
			);
			defaultConfigurationIsVisible = 0;
			defaultConfigurationName = Release;
		};
/* End XCConfigurationList section */
	};
	rootObject = B001DC7420BC0C0500A9A7F6 /* Project object */;
}
